
Microsoft Visual Studio Solution File, Format Version 12.00
# Visual Studio Version 17
VisualStudioVersion = 17.4.33205.214
MinimumVisualStudioVersion = 10.0.40219.1
Project("{9A19103F-16F7-4668-BE54-9A1E7A4F7556}") = "WorkingClocks", "WorkingClocks.csproj", "{D3F0789D-2297-4573-9D49-B15A28A775F3}"
EndProject
Global
	GlobalSection(SolutionConfigurationPlatforms) = preSolution
		Debug|Any CPU = Debug|Any CPU
		Release|Any CPU = Release|Any CPU
	EndGlobalSection
	GlobalSection(ProjectConfigurationPlatforms) = postSolution
		{D3F0789D-2297-4573-9D49-B15A28A775F3}.Debug|Any CPU.ActiveCfg = Debug|Any CPU
		{D3F0789D-2297-4573-9D49-B15A28A775F3}.Debug|Any CPU.Build.0 = Debug|Any CPU
		{D3F0789D-2297-4573-9D49-B15A28A775F3}.Release|Any CPU.ActiveCfg = Release|Any CPU
		{D3F0789D-2297-4573-9D49-B15A28A775F3}.Release|Any CPU.Build.0 = Release|Any CPU
	EndGlobalSection
	GlobalSection(SolutionProperties) = preSolution
		HideSolutionNode = FALSE
	EndGlobalSection
	GlobalSection(ExtensibilityGlobals) = postSolution
		SolutionGuid = {6025BCFB-38AA-4CE4-A34D-02EED1213177}
	EndGlobalSection
EndGlobal
